
Microsoft Visual Studio Solution File, Format Version 12.00
# Visual Studio Version 17
VisualStudioVersion = 17.3.32929.385
MinimumVisualStudioVersion = 10.0.40219.1
Project("{FAE04EC0-301F-11D3-BF4B-00C04F79EFBC}") = "ExtendLib", "ExtendLib\ExtendLib.csproj", "{81F26642-9060-4EC2-9E22-CC01447D1823}"
EndProject
Project("{FAE04EC0-301F-11D3-BF4B-00C04F79EFBC}") = "ExtendLibTests", "ExtendLibTests\ExtendLibTests.csproj", "{F4960283-C2CA-47DA-B4B5-68604E806122}"
EndProject
Global
	GlobalSection(SolutionConfigurationPlatforms) = preSolution
		Debug|Any CPU = Debug|Any CPU
		Release|Any CPU = Release|Any CPU
	EndGlobalSection
	GlobalSection(ProjectConfigurationPlatforms) = postSolution
		{81F26642-9060-4EC2-9E22-CC01447D1823}.Debug|Any CPU.ActiveCfg = Debug|Any CPU
		{81F26642-9060-4EC2-9E22-CC01447D1823}.Debug|Any CPU.Build.0 = Debug|Any CPU
		{81F26642-9060-4EC2-9E22-CC01447D1823}.Release|Any CPU.ActiveCfg = Release|Any CPU
		{81F26642-9060-4EC2-9E22-CC01447D1823}.Release|Any CPU.Build.0 = Release|Any CPU
		{F4960283-C2CA-47DA-B4B5-68604E806122}.Debug|Any CPU.ActiveCfg = Debug|Any CPU
		{F4960283-C2CA-47DA-B4B5-68604E806122}.Debug|Any CPU.Build.0 = Debug|Any CPU
		{F4960283-C2CA-47DA-B4B5-68604E806122}.Release|Any CPU.ActiveCfg = Release|Any CPU
		{F4960283-C2CA-47DA-B4B5-68604E806122}.Release|Any CPU.Build.0 = Release|Any CPU
	EndGlobalSection
	GlobalSection(SolutionProperties) = preSolution
		HideSolutionNode = FALSE
	EndGlobalSection
	GlobalSection(ExtensibilityGlobals) = postSolution
		SolutionGuid = {77B02A57-4902-4795-8427-42D26E20F57A}
	EndGlobalSection
EndGlobal
